
Microsoft Visual Studio Solution File, Format Version 12.00
# Visual Studio 2013
VisualStudioVersion = 12.0.21005.1
MinimumVisualStudioVersion = 10.0.40219.1
Project("{8BC9CEB8-8B4A-11D0-8D11-00A0C91BC942}") = "P_3.9", "P_3.9\P_3.9.vcxproj", "{39DC0F73-F6CC-4C03-BC9C-5E15FC035BED}"
EndProject
Global
	GlobalSection(SolutionConfigurationPlatforms) = preSolution
		Debug|Win32 = Debug|Win32
		Release|Win32 = Release|Win32
	EndGlobalSection
	GlobalSection(ProjectConfigurationPlatforms) = postSolution
		{39DC0F73-F6CC-4C03-BC9C-5E15FC035BED}.Debug|Win32.ActiveCfg = Debug|Win32
		{39DC0F73-F6CC-4C03-BC9C-5E15FC035BED}.Debug|Win32.Build.0 = Debug|Win32
		{39DC0F73-F6CC-4C03-BC9C-5E15FC035BED}.Release|Win32.ActiveCfg = Release|Win32
		{39DC0F73-F6CC-4C03-BC9C-5E15FC035BED}.Release|Win32.Build.0 = Release|Win32
	EndGlobalSection
	GlobalSection(SolutionProperties) = preSolution
		HideSolutionNode = FALSE
	EndGlobalSection
EndGlobal
